
Microsoft Visual Studio Solution File, Format Version 12.00
# Visual Studio Version 16
VisualStudioVersion = 16.0.33214.272
MinimumVisualStudioVersion = 10.0.40219.1
Project("{8BC9CEB8-8B4A-11D0-8D11-00A0C91BC942}") = "OpenVCR", "OpenVCR\OpenVCR.vcxproj", "{16B5091A-9BD8-469B-9B66-F2F7CBBA4AF8}"
EndProject
Project("{8BC9CEB8-8B4A-11D0-8D11-00A0C91BC942}") = "OpenVCRDemo", "OpenVCRDemo\OpenVCRDemo.vcxproj", "{0627D6FA-B44C-4F46-94C3-10ED5AABF5D4}"
	ProjectSection(ProjectDependencies) = postProject
		{16B5091A-9BD8-469B-9B66-F2F7CBBA4AF8} = {16B5091A-9BD8-469B-9B66-F2F7CBBA4AF8}
	EndProjectSection
EndProject
Global
	GlobalSection(SolutionConfigurationPlatforms) = preSolution
		Debug|x64 = Debug|x64
		Debug|x86 = Debug|x86
		Release|x64 = Release|x64
		Release|x86 = Release|x86
	EndGlobalSection
	GlobalSection(ProjectConfigurationPlatforms) = postSolution
		{16B5091A-9BD8-469B-9B66-F2F7CBBA4AF8}.Debug|x64.ActiveCfg = Debug|x64
		{16B5091A-9BD8-469B-9B66-F2F7CBBA4AF8}.Debug|x64.Build.0 = Debug|x64
		{16B5091A-9BD8-469B-9B66-F2F7CBBA4AF8}.Debug|x86.ActiveCfg = Debug|Win32
		{16B5091A-9BD8-469B-9B66-F2F7CBBA4AF8}.Debug|x86.Build.0 = Debug|Win32
		{16B5091A-9BD8-469B-9B66-F2F7CBBA4AF8}.Release|x64.ActiveCfg = Release|x64
		{16B5091A-9BD8-469B-9B66-F2F7CBBA4AF8}.Release|x64.Build.0 = Release|x64
		{16B5091A-9BD8-469B-9B66-F2F7CBBA4AF8}.Release|x86.ActiveCfg = Release|Win32
		{16B5091A-9BD8-469B-9B66-F2F7CBBA4AF8}.Release|x86.Build.0 = Release|Win32
		{0627D6FA-B44C-4F46-94C3-10ED5AABF5D4}.Debug|x64.ActiveCfg = Debug|x64
		{0627D6FA-B44C-4F46-94C3-10ED5AABF5D4}.Debug|x64.Build.0 = Debug|x64
		{0627D6FA-B44C-4F46-94C3-10ED5AABF5D4}.Debug|x86.ActiveCfg = Debug|Win32
		{0627D6FA-B44C-4F46-94C3-10ED5AABF5D4}.Debug|x86.Build.0 = Debug|Win32
		{0627D6FA-B44C-4F46-94C3-10ED5AABF5D4}.Release|x64.ActiveCfg = Release|x64
		{0627D6FA-B44C-4F46-94C3-10ED5AABF5D4}.Release|x64.Build.0 = Release|x64
		{0627D6FA-B44C-4F46-94C3-10ED5AABF5D4}.Release|x86.ActiveCfg = Release|Win32
		{0627D6FA-B44C-4F46-94C3-10ED5AABF5D4}.Release|x86.Build.0 = Release|Win32
	EndGlobalSection
	GlobalSection(SolutionProperties) = preSolution
		HideSolutionNode = FALSE
	EndGlobalSection
	GlobalSection(ExtensibilityGlobals) = postSolution
		SolutionGuid = {E183B756-C74D-434E-8D03-C382882F840B}
	EndGlobalSection
EndGlobal
